Microsoft Visual Studio Solution File, Format Version 12.00
# Visual Studio Version 17
VisualStudioVersion = 17.5.2.0
MinimumVisualStudioVersion = 10.0.40219.1
Project("{FAE04EC0-301F-11D3-BF4B-00C04F79EFBC}") = "test01", "test01.csproj", "{FF415FF3-27CC-1605-EF5D-6005358C99BD}"
EndProject
Global
	GlobalSection(SolutionConfigurationPlatforms) = preSolution
		Debug|Any CPU = Debug|Any CPU
		Release|Any CPU = Release|Any CPU
	EndGlobalSection
	GlobalSection(ProjectConfigurationPlatforms) = postSolution
		{FF415FF3-27CC-1605-EF5D-6005358C99BD}.Debug|Any CPU.ActiveCfg = Debug|Any CPU
		{FF415FF3-27CC-1605-EF5D-6005358C99BD}.Debug|Any CPU.Build.0 = Debug|Any CPU
		{FF415FF3-27CC-1605-EF5D-6005358C99BD}.Release|Any CPU.ActiveCfg = Release|Any CPU
		{FF415FF3-27CC-1605-EF5D-6005358C99BD}.Release|Any CPU.Build.0 = Release|Any CPU
	EndGlobalSection
	GlobalSection(SolutionProperties) = preSolution
		HideSolutionNode = FALSE
	EndGlobalSection
	GlobalSection(ExtensibilityGlobals) = postSolution
		SolutionGuid = {80C9D0EC-DF7B-407A-9BE5-450759A09A4D}
	EndGlobalSection
EndGlobal
